# Code generated by scarb DO NOT EDIT.
version = 1

[[package]]
name = "alexandria_storage"
version = "0.3.0"
source = "git+https://github.com/keep-starknet-strange/alexandria.git#800f5ad217847b5ded63c0302a444161766ee9d6"

[[package]]
name = "ekubo"
version = "0.1.0"
source = "git+https://github.com/EkuboProtocol/abis.git#b16678a403a8d9f4e5f3f70366ea2ab646fcc453"

[[package]]
name = "ekubo_limit_order"
version = "0.1.0"
dependencies = [
 "alexandria_storage",
 "ekubo",
 "openzeppelin",
]

[[package]]
name = "openzeppelin"
version = "0.9.0"
source = "git+https://github.com/OpenZeppelin/cairo-contracts.git?tag=v0.9.0#861fc416f87addbe23a3b47f9d19ab27c10d5dc8"
