# Code generated by scarb DO NOT EDIT.
version = 1

[[package]]
name = "alexandria_storage"
version = "0.3.0"
source = "git+https://github.com/keep-starknet-strange/alexandria.git#39d20fb71ea4f64b9fe4d749eee475eb0b77a8c5"

[[package]]
name = "ekubo"
version = "0.1.0"
source = "git+https://github.com/EkuboProtocol/abis.git#b16678a403a8d9f4e5f3f70366ea2ab646fcc453"

[[package]]
name = "ekubo_limit_order"
version = "0.1.0"
dependencies = [
 "alexandria_storage",
 "ekubo",
]
